<?xml version="1.0" encoding="utf-8"?>
<Project ToolsVersion="4.0" xmlns="http://schemas.microsoft.com/developer/msbuild/2003">
  <ItemGroup>
    <ClInclude Include="irrlicht-1.8\include\aabbox3d.h">
      <Filter>include\irrlicht</Filter>
    </ClInclude>
    <ClInclude Include="irrlicht-1.8\include\CDynamicMeshBuffer.h">
      <Filter>include\irrlicht</Filter>
    </ClInclude>
    <ClInclude Include="irrlicht-1.8\include\CIndexBuffer.h">
      <Filter>include\irrlicht</Filter>
    </ClInclude>
    <ClInclude Include="irrlicht-1.8\include\CMeshBuffer.h">
      <Filter>include\irrlicht</Filter>
    </ClInclude>
    <ClInclude Include="irrlicht-1.8\include\coreutil.h">
      <Filter>include\irrlicht</Filter>
    </ClInclude>
    <ClInclude Include="irrlicht-1.8\include\CVertexBuffer.h">
      <Filter>include\irrlicht</Filter>
    </ClInclude>
    <ClInclude Include="irrlicht-1.8\include\dimension2d.h">
      <Filter>include\irrlicht</Filter>
    </ClInclude>
    <ClInclude Include="irrlicht-1.8\include\driverChoice.h">
      <Filter>include\irrlicht</Filter>
    </ClInclude>
    <ClInclude Include="irrlicht-1.8\include\EAttributes.h">
      <Filter>include\irrlicht</Filter>
    </ClInclude>
    <ClInclude Include="irrlicht-1.8\include\ECullingTypes.h">
      <Filter>include\irrlicht</Filter>
    </ClInclude>
    <ClInclude Include="irrlicht-1.8\include\EDebugSceneTypes.h">
      <Filter>include\irrlicht</Filter>
    </ClInclude>
    <ClInclude Include="irrlicht-1.8\include\EDeviceTypes.h">
      <Filter>include\irrlicht</Filter>
    </ClInclude>
    <ClInclude Include="irrlicht-1.8\include\EDriverFeatures.h">
      <Filter>include\irrlicht</Filter>
    </ClInclude>
    <ClInclude Include="irrlicht-1.8\include\EDriverTypes.h">
      <Filter>include\irrlicht</Filter>
    </ClInclude>
    <ClInclude Include="irrlicht-1.8\include\EGUIAlignment.h">
      <Filter>include\irrlicht</Filter>
    </ClInclude>
    <ClInclude Include="irrlicht-1.8\include\EGUIElementTypes.h">
      <Filter>include\irrlicht</Filter>
    </ClInclude>
    <ClInclude Include="irrlicht-1.8\include\EHardwareBufferFlags.h">
      <Filter>include\irrlicht</Filter>
    </ClInclude>
    <ClInclude Include="irrlicht-1.8\include\EMaterialFlags.h">
      <Filter>include\irrlicht</Filter>
    </ClInclude>
    <ClInclude Include="irrlicht-1.8\include\EMaterialTypes.h">
      <Filter>include\irrlicht</Filter>
    </ClInclude>
    <ClInclude Include="irrlicht-1.8\include\EMeshWriterEnums.h">
      <Filter>include\irrlicht</Filter>
    </ClInclude>
    <ClInclude Include="irrlicht-1.8\include\EMessageBoxFlags.h">
      <Filter>include\irrlicht</Filter>
    </ClInclude>
    <ClInclude Include="irrlicht-1.8\include\EPrimitiveTypes.h">
      <Filter>include\irrlicht</Filter>
    </ClInclude>
    <ClInclude Include="irrlicht-1.8\include\ESceneNodeAnimatorTypes.h">
      <Filter>include\irrlicht</Filter>
    </ClInclude>
    <ClInclude Include="irrlicht-1.8\include\ESceneNodeTypes.h">
      <Filter>include\irrlicht</Filter>
    </ClInclude>
    <ClInclude Include="irrlicht-1.8\include\EShaderTypes.h">
      <Filter>include\irrlicht</Filter>
    </ClInclude>
    <ClInclude Include="irrlicht-1.8\include\ETerrainElements.h">
      <Filter>include\irrlicht</Filter>
    </ClInclude>
    <ClInclude Include="irrlicht-1.8\include\fast_atof.h">
      <Filter>include\irrlicht</Filter>
    </ClInclude>
    <ClInclude Include="irrlicht-1.8\include\heapsort.h">
      <Filter>include\irrlicht</Filter>
    </ClInclude>
    <ClInclude Include="irrlicht-1.8\include\IAnimatedMesh.h">
      <Filter>include\irrlicht</Filter>
    </ClInclude>
    <ClInclude Include="irrlicht-1.8\include\IAnimatedMeshMD2.h">
      <Filter>include\irrlicht</Filter>
    </ClInclude>
    <ClInclude Include="irrlicht-1.8\include\IAnimatedMeshMD3.h">
      <Filter>include\irrlicht</Filter>
    </ClInclude>
    <ClInclude Include="irrlicht-1.8\include\IAnimatedMeshSceneNode.h">
      <Filter>include\irrlicht</Filter>
    </ClInclude>
    <ClInclude Include="irrlicht-1.8\include\IAttributeExchangingObject.h">
      <Filter>include\irrlicht</Filter>
    </ClInclude>
    <ClInclude Include="irrlicht-1.8\include\IAttributes.h">
      <Filter>include\irrlicht</Filter>
    </ClInclude>
    <ClInclude Include="irrlicht-1.8\include\IBillboardSceneNode.h">
      <Filter>include\irrlicht</Filter>
    </ClInclude>
    <ClInclude Include="irrlicht-1.8\include\IBillboardTextSceneNode.h">
      <Filter>include\irrlicht</Filter>
    </ClInclude>
    <ClInclude Include="irrlicht-1.8\include\IBoneSceneNode.h">
      <Filter>include\irrlicht</Filter>
    </ClInclude>
    <ClInclude Include="irrlicht-1.8\include\ICameraSceneNode.h">
      <Filter>include\irrlicht</Filter>
    </ClInclude>
    <ClInclude Include="irrlicht-1.8\include\IColladaMeshWriter.h">
      <Filter>include\irrlicht</Filter>
    </ClInclude>
    <ClInclude Include="irrlicht-1.8\include\ICursorControl.h">
      <Filter>include\irrlicht</Filter>
    </ClInclude>
    <ClInclude Include="irrlicht-1.8\include\IDummyTransformationSceneNode.h">
      <Filter>include\irrlicht</Filter>
    </ClInclude>
    <ClInclude Include="irrlicht-1.8\include\IDynamicMeshBuffer.h">
      <Filter>include\irrlicht</Filter>
    </ClInclude>
    <ClInclude Include="irrlicht-1.8\include\IEventReceiver.h">
      <Filter>include\irrlicht</Filter>
    </ClInclude>
    <ClInclude Include="irrlicht-1.8\include\IFileArchive.h">
      <Filter>include\irrlicht</Filter>
    </ClInclude>
    <ClInclude Include="irrlicht-1.8\include\IFileList.h">
      <Filter>include\irrlicht</Filter>
    </ClInclude>
    <ClInclude Include="irrlicht-1.8\include\IFileSystem.h">
      <Filter>include\irrlicht</Filter>
    </ClInclude>
    <ClInclude Include="irrlicht-1.8\include\IGeometryCreator.h">
      <Filter>include\irrlicht</Filter>
    </ClInclude>
    <ClInclude Include="irrlicht-1.8\include\IGPUProgrammingServices.h">
      <Filter>include\irrlicht</Filter>
    </ClInclude>
    <ClInclude Include="irrlicht-1.8\include\IGUIButton.h">
      <Filter>include\irrlicht</Filter>
    </ClInclude>
    <ClInclude Include="irrlicht-1.8\include\IGUICheckBox.h">
      <Filter>include\irrlicht</Filter>
    </ClInclude>
    <ClInclude Include="irrlicht-1.8\include\IGUIColorSelectDialog.h">
      <Filter>include\irrlicht</Filter>
    </ClInclude>
    <ClInclude Include="irrlicht-1.8\include\IGUIComboBox.h">
      <Filter>include\irrlicht</Filter>
    </ClInclude>
    <ClInclude Include="irrlicht-1.8\include\IGUIContextMenu.h">
      <Filter>include\irrlicht</Filter>
    </ClInclude>
    <ClInclude Include="irrlicht-1.8\include\IGUIEditBox.h">
      <Filter>include\irrlicht</Filter>
    </ClInclude>
    <ClInclude Include="irrlicht-1.8\include\IGUIElement.h">
      <Filter>include\irrlicht</Filter>
    </ClInclude>
    <ClInclude Include="irrlicht-1.8\include\IGUIElementFactory.h">
      <Filter>include\irrlicht</Filter>
    </ClInclude>
    <ClInclude Include="irrlicht-1.8\include\IGUIEnvironment.h">
      <Filter>include\irrlicht</Filter>
    </ClInclude>
    <ClInclude Include="irrlicht-1.8\include\IGUIFileOpenDialog.h">
      <Filter>include\irrlicht</Filter>
    </ClInclude>
    <ClInclude Include="irrlicht-1.8\include\IGUIFont.h">
      <Filter>include\irrlicht</Filter>
    </ClInclude>
    <ClInclude Include="irrlicht-1.8\include\IGUIFontBitmap.h">
      <Filter>include\irrlicht</Filter>
    </ClInclude>
    <ClInclude Include="irrlicht-1.8\include\IGUIImage.h">
      <Filter>include\irrlicht</Filter>
    </ClInclude>
    <ClInclude Include="irrlicht-1.8\include\IGUIImageList.h">
      <Filter>include\irrlicht</Filter>
    </ClInclude>
    <ClInclude Include="irrlicht-1.8\include\IGUIInOutFader.h">
      <Filter>include\irrlicht</Filter>
    </ClInclude>
    <ClInclude Include="irrlicht-1.8\include\IGUIListBox.h">
      <Filter>include\irrlicht</Filter>
    </ClInclude>
    <ClInclude Include="irrlicht-1.8\include\IGUIMeshViewer.h">
      <Filter>include\irrlicht</Filter>
    </ClInclude>
    <ClInclude Include="irrlicht-1.8\include\IGUIScrollBar.h">
      <Filter>include\irrlicht</Filter>
    </ClInclude>
    <ClInclude Include="irrlicht-1.8\include\IGUISkin.h">
      <Filter>include\irrlicht</Filter>
    </ClInclude>
    <ClInclude Include="irrlicht-1.8\include\IGUISpinBox.h">
      <Filter>include\irrlicht</Filter>
    </ClInclude>
    <ClInclude Include="irrlicht-1.8\include\IGUISpriteBank.h">
      <Filter>include\irrlicht</Filter>
    </ClInclude>
    <ClInclude Include="irrlicht-1.8\include\IGUIStaticText.h">
      <Filter>include\irrlicht</Filter>
    </ClInclude>
    <ClInclude Include="irrlicht-1.8\include\IGUITabControl.h">
      <Filter>include\irrlicht</Filter>
    </ClInclude>
    <ClInclude Include="irrlicht-1.8\include\IGUITable.h">
      <Filter>include\irrlicht</Filter>
    </ClInclude>
    <ClInclude Include="irrlicht-1.8\include\IGUIToolbar.h">
      <Filter>include\irrlicht</Filter>
    </ClInclude>
    <ClInclude Include="irrlicht-1.8\include\IGUITreeView.h">
      <Filter>include\irrlicht</Filter>
    </ClInclude>
    <ClInclude Include="irrlicht-1.8\include\IGUIWindow.h">
      <Filter>include\irrlicht</Filter>
    </ClInclude>
    <ClInclude Include="irrlicht-1.8\include\IImage.h">
      <Filter>include\irrlicht</Filter>
    </ClInclude>
    <ClInclude Include="irrlicht-1.8\include\IImageLoader.h">
      <Filter>include\irrlicht</Filter>
    </ClInclude>
    <ClInclude Include="irrlicht-1.8\include\IImageWriter.h">
      <Filter>include\irrlicht</Filter>
    </ClInclude>
    <ClInclude Include="irrlicht-1.8\include\IIndexBuffer.h">
      <Filter>include\irrlicht</Filter>
    </ClInclude>
    <ClInclude Include="irrlicht-1.8\include\ILightManager.h">
      <Filter>include\irrlicht</Filter>
    </ClInclude>
    <ClInclude Include="irrlicht-1.8\include\ILightSceneNode.h">
      <Filter>include\irrlicht</Filter>
    </ClInclude>
    <ClInclude Include="irrlicht-1.8\include\ILogger.h">
      <Filter>include\irrlicht</Filter>
    </ClInclude>
    <ClInclude Include="irrlicht-1.8\include\IMaterialRenderer.h">
      <Filter>include\irrlicht</Filter>
    </ClInclude>
    <ClInclude Include="irrlicht-1.8\include\IMaterialRendererServices.h">
      <Filter>include\irrlicht</Filter>
    </ClInclude>
    <ClInclude Include="irrlicht-1.8\include\IMesh.h">
      <Filter>include\irrlicht</Filter>
    </ClInclude>
    <ClInclude Include="irrlicht-1.8\include\IMeshBuffer.h">
      <Filter>include\irrlicht</Filter>
    </ClInclude>
    <ClInclude Include="irrlicht-1.8\include\IMeshCache.h">
      <Filter>include\irrlicht</Filter>
    </ClInclude>
    <ClInclude Include="irrlicht-1.8\include\IMeshLoader.h">
      <Filter>include\irrlicht</Filter>
    </ClInclude>
    <ClInclude Include="irrlicht-1.8\include\IMeshManipulator.h">
      <Filter>include\irrlicht</Filter>
    </ClInclude>
    <ClInclude Include="irrlicht-1.8\include\IMeshSceneNode.h">
      <Filter>include\irrlicht</Filter>
    </ClInclude>
    <ClInclude Include="irrlicht-1.8\include\IMeshWriter.h">
      <Filter>include\irrlicht</Filter>
    </ClInclude>
    <ClInclude Include="irrlicht-1.8\include\IMetaTriangleSelector.h">
      <Filter>include\irrlicht</Filter>
    </ClInclude>
    <ClInclude Include="irrlicht-1.8\include\IOSOperator.h">
      <Filter>include\irrlicht</Filter>
    </ClInclude>
    <ClInclude Include="irrlicht-1.8\include\IParticleAffector.h">
      <Filter>include\irrlicht</Filter>
    </ClInclude>
    <ClInclude Include="irrlicht-1.8\include\IParticleAnimatedMeshSceneNodeEmitter.h">
      <Filter>include\irrlicht</Filter>
    </ClInclude>
    <ClInclude Include="irrlicht-1.8\include\IParticleAttractionAffector.h">
      <Filter>include\irrlicht</Filter>
    </ClInclude>
    <ClInclude Include="irrlicht-1.8\include\IParticleBoxEmitter.h">
      <Filter>include\irrlicht</Filter>
    </ClInclude>
    <ClInclude Include="irrlicht-1.8\include\IParticleCylinderEmitter.h">
      <Filter>include\irrlicht</Filter>
    </ClInclude>
    <ClInclude Include="irrlicht-1.8\include\IParticleEmitter.h">
      <Filter>include\irrlicht</Filter>
    </ClInclude>
    <ClInclude Include="irrlicht-1.8\include\IParticleFadeOutAffector.h">
      <Filter>include\irrlicht</Filter>
    </ClInclude>
    <ClInclude Include="irrlicht-1.8\include\IParticleGravityAffector.h">
      <Filter>include\irrlicht</Filter>
    </ClInclude>
    <ClInclude Include="irrlicht-1.8\include\IParticleMeshEmitter.h">
      <Filter>include\irrlicht</Filter>
    </ClInclude>
    <ClInclude Include="irrlicht-1.8\include\IParticleRingEmitter.h">
      <Filter>include\irrlicht</Filter>
    </ClInclude>
    <ClInclude Include="irrlicht-1.8\include\IParticleRotationAffector.h">
      <Filter>include\irrlicht</Filter>
    </ClInclude>
    <ClInclude Include="irrlicht-1.8\include\IParticleSphereEmitter.h">
      <Filter>include\irrlicht</Filter>
    </ClInclude>
    <ClInclude Include="irrlicht-1.8\include\IParticleSystemSceneNode.h">
      <Filter>include\irrlicht</Filter>
    </ClInclude>
    <ClInclude Include="irrlicht-1.8\include\IQ3LevelMesh.h">
      <Filter>include\irrlicht</Filter>
    </ClInclude>
    <ClInclude Include="irrlicht-1.8\include\IQ3Shader.h">
      <Filter>include\irrlicht</Filter>
    </ClInclude>
    <ClInclude Include="irrlicht-1.8\include\IRandomizer.h">
      <Filter>include\irrlicht</Filter>
    </ClInclude>
    <ClInclude Include="irrlicht-1.8\include\IReadFile.h">
      <Filter>include\irrlicht</Filter>
    </ClInclude>
    <ClInclude Include="irrlicht-1.8\include\IReferenceCounted.h">
      <Filter>include\irrlicht</Filter>
    </ClInclude>
    <ClInclude Include="irrlicht-1.8\include\irrAllocator.h">
      <Filter>include\irrlicht</Filter>
    </ClInclude>
    <ClInclude Include="irrlicht-1.8\include\irrArray.h">
      <Filter>include\irrlicht</Filter>
    </ClInclude>
    <ClInclude Include="irrlicht-1.8\include\IrrCompileConfig.h">
      <Filter>include\irrlicht</Filter>
    </ClInclude>
    <ClInclude Include="irrlicht-1.8\include\irrlicht.h">
      <Filter>include\irrlicht</Filter>
    </ClInclude>
    <ClInclude Include="irrlicht-1.8\include\IrrlichtDevice.h">
      <Filter>include\irrlicht</Filter>
    </ClInclude>
    <ClInclude Include="irrlicht-1.8\include\irrList.h">
      <Filter>include\irrlicht</Filter>
    </ClInclude>
    <ClInclude Include="irrlicht-1.8\include\irrMap.h">
      <Filter>include\irrlicht</Filter>
    </ClInclude>
    <ClInclude Include="irrlicht-1.8\include\irrMath.h">
      <Filter>include\irrlicht</Filter>
    </ClInclude>
    <ClInclude Include="irrlicht-1.8\include\irrpack.h">
      <Filter>include\irrlicht</Filter>
    </ClInclude>
    <ClInclude Include="irrlicht-1.8\include\irrString.h">
      <Filter>include\irrlicht</Filter>
    </ClInclude>
    <ClInclude Include="irrlicht-1.8\include\irrTypes.h">
      <Filter>include\irrlicht</Filter>
    </ClInclude>
    <ClInclude Include="irrlicht-1.8\include\irrunpack.h">
      <Filter>include\irrlicht</Filter>
    </ClInclude>
    <ClInclude Include="irrlicht-1.8\include\irrXML.h">
      <Filter>include\irrlicht</Filter>
    </ClInclude>
    <ClInclude Include="irrlicht-1.8\include\ISceneCollisionManager.h">
      <Filter>include\irrlicht</Filter>
    </ClInclude>
    <ClInclude Include="irrlicht-1.8\include\ISceneLoader.h">
      <Filter>include\irrlicht</Filter>
    </ClInclude>
    <ClInclude Include="irrlicht-1.8\include\ISceneManager.h">
      <Filter>include\irrlicht</Filter>
    </ClInclude>
    <ClInclude Include="irrlicht-1.8\include\ISceneNode.h">
      <Filter>include\irrlicht</Filter>
    </ClInclude>
    <ClInclude Include="irrlicht-1.8\include\ISceneNodeAnimator.h">
      <Filter>include\irrlicht</Filter>
    </ClInclude>
    <ClInclude Include="irrlicht-1.8\include\ISceneNodeAnimatorCameraFPS.h">
      <Filter>include\irrlicht</Filter>
    </ClInclude>
    <ClInclude Include="irrlicht-1.8\include\ISceneNodeAnimatorCameraMaya.h">
      <Filter>include\irrlicht</Filter>
    </ClInclude>
    <ClInclude Include="irrlicht-1.8\include\ISceneNodeAnimatorCollisionResponse.h">
      <Filter>include\irrlicht</Filter>
    </ClInclude>
    <ClInclude Include="irrlicht-1.8\include\ISceneNodeAnimatorFactory.h">
      <Filter>include\irrlicht</Filter>
    </ClInclude>
    <ClInclude Include="irrlicht-1.8\include\ISceneNodeFactory.h">
      <Filter>include\irrlicht</Filter>
    </ClInclude>
    <ClInclude Include="irrlicht-1.8\include\ISceneUserDataSerializer.h">
      <Filter>include\irrlicht</Filter>
    </ClInclude>
    <ClInclude Include="irrlicht-1.8\include\IShaderConstantSetCallBack.h">
      <Filter>include\irrlicht</Filter>
    </ClInclude>
    <ClInclude Include="irrlicht-1.8\include\IShadowVolumeSceneNode.h">
      <Filter>include\irrlicht</Filter>
    </ClInclude>
    <ClInclude Include="irrlicht-1.8\include\ISkinnedMesh.h">
      <Filter>include\irrlicht</Filter>
    </ClInclude>
    <ClInclude Include="irrlicht-1.8\include\ITerrainSceneNode.h">
      <Filter>include\irrlicht</Filter>
    </ClInclude>
    <ClInclude Include="irrlicht-1.8\include\ITextSceneNode.h">
      <Filter>include\irrlicht</Filter>
    </ClInclude>
    <ClInclude Include="irrlicht-1.8\include\ITexture.h">
      <Filter>include\irrlicht</Filter>
    </ClInclude>
    <ClInclude Include="irrlicht-1.8\include\ITimer.h">
      <Filter>include\irrlicht</Filter>
    </ClInclude>
    <ClInclude Include="irrlicht-1.8\include\ITriangleSelector.h">
      <Filter>include\irrlicht</Filter>
    </ClInclude>
    <ClInclude Include="irrlicht-1.8\include\IVertexBuffer.h">
      <Filter>include\irrlicht</Filter>
    </ClInclude>
    <ClInclude Include="irrlicht-1.8\include\IVideoDriver.h">
      <Filter>include\irrlicht</Filter>
    </ClInclude>
    <ClInclude Include="irrlicht-1.8\include\IVideoModeList.h">
      <Filter>include\irrlicht</Filter>
    </ClInclude>
    <ClInclude Include="irrlicht-1.8\include\IVolumeLightSceneNode.h">
      <Filter>include\irrlicht</Filter>
    </ClInclude>
    <ClInclude Include="irrlicht-1.8\include\IWriteFile.h">
      <Filter>include\irrlicht</Filter>
    </ClInclude>
    <ClInclude Include="irrlicht-1.8\include\IXMLReader.h">
      <Filter>include\irrlicht</Filter>
    </ClInclude>
    <ClInclude Include="irrlicht-1.8\include\IXMLWriter.h">
      <Filter>include\irrlicht</Filter>
    </ClInclude>
    <ClInclude Include="irrlicht-1.8\include\Keycodes.h">
      <Filter>include\irrlicht</Filter>
    </ClInclude>
    <ClInclude Include="irrlicht-1.8\include\line2d.h">
      <Filter>include\irrlicht</Filter>
    </ClInclude>
    <ClInclude Include="irrlicht-1.8\include\line3d.h">
      <Filter>include\irrlicht</Filter>
    </ClInclude>
    <ClInclude Include="irrlicht-1.8\include\matrix4.h">
      <Filter>include\irrlicht</Filter>
    </ClInclude>
    <ClInclude Include="irrlicht-1.8\include\path.h">
      <Filter>include\irrlicht</Filter>
    </ClInclude>
    <ClInclude Include="irrlicht-1.8\include\plane3d.h">
      <Filter>include\irrlicht</Filter>
    </ClInclude>
    <ClInclude Include="irrlicht-1.8\include\position2d.h">
      <Filter>include\irrlicht</Filter>
    </ClInclude>
    <ClInclude Include="irrlicht-1.8\include\quaternion.h">
      <Filter>include\irrlicht</Filter>
    </ClInclude>
    <ClInclude Include="irrlicht-1.8\include\rect.h">
      <Filter>include\irrlicht</Filter>
    </ClInclude>
    <ClInclude Include="irrlicht-1.8\include\S3DVertex.h">
      <Filter>include\irrlicht</Filter>
    </ClInclude>
    <ClInclude Include="irrlicht-1.8\include\SAnimatedMesh.h">
      <Filter>include\irrlicht</Filter>
    </ClInclude>
    <ClInclude Include="irrlicht-1.8\include\SceneParameters.h">
      <Filter>include\irrlicht</Filter>
    </ClInclude>
    <ClInclude Include="irrlicht-1.8\include\SColor.h">
      <Filter>include\irrlicht</Filter>
    </ClInclude>
    <ClInclude Include="irrlicht-1.8\include\SExposedVideoData.h">
      <Filter>include\irrlicht</Filter>
    </ClInclude>
    <ClInclude Include="irrlicht-1.8\include\SIrrCreationParameters.h">
      <Filter>include\irrlicht</Filter>
    </ClInclude>
    <ClInclude Include="irrlicht-1.8\include\SKeyMap.h">
      <Filter>include\irrlicht</Filter>
    </ClInclude>
    <ClInclude Include="irrlicht-1.8\include\SLight.h">
      <Filter>include\irrlicht</Filter>
    </ClInclude>
    <ClInclude Include="irrlicht-1.8\include\SMaterial.h">
      <Filter>include\irrlicht</Filter>
    </ClInclude>
    <ClInclude Include="irrlicht-1.8\include\SMaterialLayer.h">
      <Filter>include\irrlicht</Filter>
    </ClInclude>
    <ClInclude Include="irrlicht-1.8\include\SMesh.h">
      <Filter>include\irrlicht</Filter>
    </ClInclude>
    <ClInclude Include="irrlicht-1.8\include\SMeshBuffer.h">
      <Filter>include\irrlicht</Filter>
    </ClInclude>
    <ClInclude Include="irrlicht-1.8\include\SMeshBufferLightMap.h">
      <Filter>include\irrlicht</Filter>
    </ClInclude>
    <ClInclude Include="irrlicht-1.8\include\SMeshBufferTangents.h">
      <Filter>include\irrlicht</Filter>
    </ClInclude>
    <ClInclude Include="irrlicht-1.8\include\SParticle.h">
      <Filter>include\irrlicht</Filter>
    </ClInclude>
    <ClInclude Include="irrlicht-1.8\include\SSharedMeshBuffer.h">
      <Filter>include\irrlicht</Filter>
    </ClInclude>
    <ClInclude Include="irrlicht-1.8\include\SSkinMeshBuffer.h">
      <Filter>include\irrlicht</Filter>
    </ClInclude>
    <ClInclude Include="irrlicht-1.8\include\SVertexIndex.h">
      <Filter>include\irrlicht</Filter>
    </ClInclude>
    <ClInclude Include="irrlicht-1.8\include\SVertexManipulator.h">
      <Filter>include\irrlicht</Filter>
    </ClInclude>
    <ClInclude Include="irrlicht-1.8\include\SViewFrustum.h">
      <Filter>include\irrlicht</Filter>
    </ClInclude>
    <ClInclude Include="irrlicht-1.8\include\triangle3d.h">
      <Filter>include\irrlicht</Filter>
    </ClInclude>
    <ClInclude Include="irrlicht-1.8\include\vector2d.h">
      <Filter>include\irrlicht</Filter>
    </ClInclude>
    <ClInclude Include="irrlicht-1.8\include\vector3d.h">
      <Filter>include\irrlicht</Filter>
    </ClInclude>
    <ClInclude Include="..\include\Bullet.h">
      <Filter>include</Filter>
    </ClInclude>
    <ClInclude Include="..\include\Application.h">
      <Filter>include</Filter>
    </ClInclude>
  </ItemGroup>
  <ItemGroup>
    <Filter Include="include">
      <UniqueIdentifier>{d00a7bef-0aef-4b5f-a9ae-fffe81b65141}</UniqueIdentifier>
    </Filter>
    <Filter Include="src">
      <UniqueIdentifier>{70c6188d-e893-4d95-9f7e-b4528e28740e}</UniqueIdentifier>
    </Filter>
    <Filter Include="include\irrlicht">
      <UniqueIdentifier>{38696214-12f1-4709-b2fc-98bfca61c44f}</UniqueIdentifier>
    </Filter>
  </ItemGroup>
  <ItemGroup>
    <None Include="irrlicht-1.8\lib\win32-gcc\libIrrlicht.def">
      <Filter>include\irrlicht</Filter>
    </None>
  </ItemGroup>
  <ItemGroup>
    <ClCompile Include="..\src\Bullet.cpp">
      <Filter>src</Filter>
    </ClCompile>
    <ClCompile Include="..\src\main.cpp">
      <Filter>src</Filter>
    </ClCompile>
    <ClCompile Include="..\src\Application.cpp">
      <Filter>src</Filter>
    </ClCompile>
  </ItemGroup>
</Project>